
Microsoft Visual Studio Solution File, Format Version 10.00
# Visual Studio 2008
Project("{8BC9CEB8-8B4A-11D0-8D11-00A0C91BC942}") = "LRYCTRL", "LRYCTRL.vcproj", "{62D8DD8D-A0DF-4418-BE1F-C128E7587E95}"
EndProject
Project("{8BC9CEB8-8B4A-11D0-8D11-00A0C91BC942}") = "PythonInVC", "Script\PythonSample\PythonInVC\PythonInVC.vcproj", "{0B414D2A-85EB-43AD-8974-24C651EE0402}"
EndProject
Project("{FAE04EC0-301F-11D3-BF4B-00C04F79EFBC}") = "csharp", "Script\csharp\csharp.csproj", "{00D17595-EC37-48FA-A317-0A9F321848FA}"
EndProject
Project("{8BC9CEB8-8B4A-11D0-8D11-00A0C91BC942}") = "MFCActive", "Script\ActiveX\MFCActive\MFCActive.vcproj", "{2E74D6FF-B332-4C45-8F13-9A184C488BD4}"
EndProject
Global
	GlobalSection(SolutionConfigurationPlatforms) = preSolution
		Debug|Any CPU = Debug|Any CPU
		Debug|Mixed Platforms = Debug|Mixed Platforms
		Debug|Win32 = Debug|Win32
		Release|Any CPU = Release|Any CPU
		Release|Mixed Platforms = Release|Mixed Platforms
		Release|Win32 = Release|Win32
		UNICODE Debug|Any CPU = UNICODE Debug|Any CPU
		UNICODE Debug|Mixed Platforms = UNICODE Debug|Mixed Platforms
		UNICODE Debug|Win32 = UNICODE Debug|Win32
		UNICODE Release|Any CPU = UNICODE Release|Any CPU
		UNICODE Release|Mixed Platforms = UNICODE Release|Mixed Platforms
		UNICODE Release|Win32 = UNICODE Release|Win32
	EndGlobalSection
	GlobalSection(ProjectConfigurationPlatforms) = postSolution
		{62D8DD8D-A0DF-4418-BE1F-C128E7587E95}.Debug|Any CPU.ActiveCfg = Debug|Win32
		{62D8DD8D-A0DF-4418-BE1F-C128E7587E95}.Debug|Mixed Platforms.ActiveCfg = Debug|Win32
		{62D8DD8D-A0DF-4418-BE1F-C128E7587E95}.Debug|Mixed Platforms.Build.0 = Debug|Win32
		{62D8DD8D-A0DF-4418-BE1F-C128E7587E95}.Debug|Win32.ActiveCfg = Debug|Win32
		{62D8DD8D-A0DF-4418-BE1F-C128E7587E95}.Debug|Win32.Build.0 = Debug|Win32
		{62D8DD8D-A0DF-4418-BE1F-C128E7587E95}.Release|Any CPU.ActiveCfg = Release|Win32
		{62D8DD8D-A0DF-4418-BE1F-C128E7587E95}.Release|Mixed Platforms.ActiveCfg = Release|Win32
		{62D8DD8D-A0DF-4418-BE1F-C128E7587E95}.Release|Mixed Platforms.Build.0 = Release|Win32
		{62D8DD8D-A0DF-4418-BE1F-C128E7587E95}.Release|Win32.ActiveCfg = Release|Win32
		{62D8DD8D-A0DF-4418-BE1F-C128E7587E95}.Release|Win32.Build.0 = Release|Win32
		{62D8DD8D-A0DF-4418-BE1F-C128E7587E95}.UNICODE Debug|Any CPU.ActiveCfg = UNICODE Debug|Win32
		{62D8DD8D-A0DF-4418-BE1F-C128E7587E95}.UNICODE Debug|Mixed Platforms.ActiveCfg = UNICODE Debug|Win32
		{62D8DD8D-A0DF-4418-BE1F-C128E7587E95}.UNICODE Debug|Mixed Platforms.Build.0 = UNICODE Debug|Win32
		{62D8DD8D-A0DF-4418-BE1F-C128E7587E95}.UNICODE Debug|Win32.ActiveCfg = UNICODE Debug|Win32
		{62D8DD8D-A0DF-4418-BE1F-C128E7587E95}.UNICODE Debug|Win32.Build.0 = UNICODE Debug|Win32
		{62D8DD8D-A0DF-4418-BE1F-C128E7587E95}.UNICODE Release|Any CPU.ActiveCfg = UNICODE Release|Win32
		{62D8DD8D-A0DF-4418-BE1F-C128E7587E95}.UNICODE Release|Mixed Platforms.ActiveCfg = UNICODE Release|Win32
		{62D8DD8D-A0DF-4418-BE1F-C128E7587E95}.UNICODE Release|Mixed Platforms.Build.0 = UNICODE Release|Win32
		{62D8DD8D-A0DF-4418-BE1F-C128E7587E95}.UNICODE Release|Win32.ActiveCfg = UNICODE Release|Win32
		{62D8DD8D-A0DF-4418-BE1F-C128E7587E95}.UNICODE Release|Win32.Build.0 = UNICODE Release|Win32
		{0B414D2A-85EB-43AD-8974-24C651EE0402}.Debug|Any CPU.ActiveCfg = Debug|Win32
		{0B414D2A-85EB-43AD-8974-24C651EE0402}.Debug|Mixed Platforms.ActiveCfg = Debug|Win32
		{0B414D2A-85EB-43AD-8974-24C651EE0402}.Debug|Mixed Platforms.Build.0 = Debug|Win32
		{0B414D2A-85EB-43AD-8974-24C651EE0402}.Debug|Win32.ActiveCfg = Debug|Win32
		{0B414D2A-85EB-43AD-8974-24C651EE0402}.Debug|Win32.Build.0 = Debug|Win32
		{0B414D2A-85EB-43AD-8974-24C651EE0402}.Release|Any CPU.ActiveCfg = Release|Win32
		{0B414D2A-85EB-43AD-8974-24C651EE0402}.Release|Mixed Platforms.ActiveCfg = Release|Win32
		{0B414D2A-85EB-43AD-8974-24C651EE0402}.Release|Mixed Platforms.Build.0 = Release|Win32
		{0B414D2A-85EB-43AD-8974-24C651EE0402}.Release|Win32.ActiveCfg = Release|Win32
		{0B414D2A-85EB-43AD-8974-24C651EE0402}.Release|Win32.Build.0 = Release|Win32
		{0B414D2A-85EB-43AD-8974-24C651EE0402}.UNICODE Debug|Any CPU.ActiveCfg = Debug|Win32
		{0B414D2A-85EB-43AD-8974-24C651EE0402}.UNICODE Debug|Mixed Platforms.ActiveCfg = Debug|Win32
		{0B414D2A-85EB-43AD-8974-24C651EE0402}.UNICODE Debug|Mixed Platforms.Build.0 = Debug|Win32
		{0B414D2A-85EB-43AD-8974-24C651EE0402}.UNICODE Debug|Win32.ActiveCfg = Debug|Win32
		{0B414D2A-85EB-43AD-8974-24C651EE0402}.UNICODE Debug|Win32.Build.0 = Debug|Win32
		{0B414D2A-85EB-43AD-8974-24C651EE0402}.UNICODE Release|Any CPU.ActiveCfg = Release|Win32
		{0B414D2A-85EB-43AD-8974-24C651EE0402}.UNICODE Release|Mixed Platforms.ActiveCfg = Release|Win32
		{0B414D2A-85EB-43AD-8974-24C651EE0402}.UNICODE Release|Mixed Platforms.Build.0 = Release|Win32
		{0B414D2A-85EB-43AD-8974-24C651EE0402}.UNICODE Release|Win32.ActiveCfg = Release|Win32
		{0B414D2A-85EB-43AD-8974-24C651EE0402}.UNICODE Release|Win32.Build.0 = Release|Win32
		{00D17595-EC37-48FA-A317-0A9F321848FA}.Debug|Any CPU.ActiveCfg = Debug|Any CPU
		{00D17595-EC37-48FA-A317-0A9F321848FA}.Debug|Any CPU.Build.0 = Debug|Any CPU
		{00D17595-EC37-48FA-A317-0A9F321848FA}.Debug|Mixed Platforms.ActiveCfg = Debug|Any CPU
		{00D17595-EC37-48FA-A317-0A9F321848FA}.Debug|Mixed Platforms.Build.0 = Debug|Any CPU
		{00D17595-EC37-48FA-A317-0A9F321848FA}.Debug|Win32.ActiveCfg = Debug|Any CPU
		{00D17595-EC37-48FA-A317-0A9F321848FA}.Release|Any CPU.ActiveCfg = Release|Any CPU
		{00D17595-EC37-48FA-A317-0A9F321848FA}.Release|Any CPU.Build.0 = Release|Any CPU
		{00D17595-EC37-48FA-A317-0A9F321848FA}.Release|Mixed Platforms.ActiveCfg = Release|Any CPU
		{00D17595-EC37-48FA-A317-0A9F321848FA}.Release|Mixed Platforms.Build.0 = Release|Any CPU
		{00D17595-EC37-48FA-A317-0A9F321848FA}.Release|Win32.ActiveCfg = Release|Any CPU
		{00D17595-EC37-48FA-A317-0A9F321848FA}.UNICODE Debug|Any CPU.ActiveCfg = Debug|Any CPU
		{00D17595-EC37-48FA-A317-0A9F321848FA}.UNICODE Debug|Any CPU.Build.0 = Debug|Any CPU
		{00D17595-EC37-48FA-A317-0A9F321848FA}.UNICODE Debug|Mixed Platforms.ActiveCfg = Debug|Any CPU
		{00D17595-EC37-48FA-A317-0A9F321848FA}.UNICODE Debug|Mixed Platforms.Build.0 = Debug|Any CPU
		{00D17595-EC37-48FA-A317-0A9F321848FA}.UNICODE Debug|Win32.ActiveCfg = Debug|Any CPU
		{00D17595-EC37-48FA-A317-0A9F321848FA}.UNICODE Release|Any CPU.ActiveCfg = Release|Any CPU
		{00D17595-EC37-48FA-A317-0A9F321848FA}.UNICODE Release|Any CPU.Build.0 = Release|Any CPU
		{00D17595-EC37-48FA-A317-0A9F321848FA}.UNICODE Release|Mixed Platforms.ActiveCfg = Release|Any CPU
		{00D17595-EC37-48FA-A317-0A9F321848FA}.UNICODE Release|Mixed Platforms.Build.0 = Release|Any CPU
		{00D17595-EC37-48FA-A317-0A9F321848FA}.UNICODE Release|Win32.ActiveCfg = Release|Any CPU
		{2E74D6FF-B332-4C45-8F13-9A184C488BD4}.Debug|Any CPU.ActiveCfg = Debug|Win32
		{2E74D6FF-B332-4C45-8F13-9A184C488BD4}.Debug|Mixed Platforms.ActiveCfg = Debug|Win32
		{2E74D6FF-B332-4C45-8F13-9A184C488BD4}.Debug|Mixed Platforms.Build.0 = Debug|Win32
		{2E74D6FF-B332-4C45-8F13-9A184C488BD4}.Debug|Win32.ActiveCfg = Debug|Win32
		{2E74D6FF-B332-4C45-8F13-9A184C488BD4}.Debug|Win32.Build.0 = Debug|Win32
		{2E74D6FF-B332-4C45-8F13-9A184C488BD4}.Release|Any CPU.ActiveCfg = Release|Win32
		{2E74D6FF-B332-4C45-8F13-9A184C488BD4}.Release|Mixed Platforms.ActiveCfg = Release|Win32
		{2E74D6FF-B332-4C45-8F13-9A184C488BD4}.Release|Mixed Platforms.Build.0 = Release|Win32
		{2E74D6FF-B332-4C45-8F13-9A184C488BD4}.Release|Win32.ActiveCfg = Release|Win32
		{2E74D6FF-B332-4C45-8F13-9A184C488BD4}.Release|Win32.Build.0 = Release|Win32
		{2E74D6FF-B332-4C45-8F13-9A184C488BD4}.UNICODE Debug|Any CPU.ActiveCfg = Debug|Win32
		{2E74D6FF-B332-4C45-8F13-9A184C488BD4}.UNICODE Debug|Mixed Platforms.ActiveCfg = Debug|Win32
		{2E74D6FF-B332-4C45-8F13-9A184C488BD4}.UNICODE Debug|Mixed Platforms.Build.0 = Debug|Win32
		{2E74D6FF-B332-4C45-8F13-9A184C488BD4}.UNICODE Debug|Win32.ActiveCfg = Debug|Win32
		{2E74D6FF-B332-4C45-8F13-9A184C488BD4}.UNICODE Debug|Win32.Build.0 = Debug|Win32
		{2E74D6FF-B332-4C45-8F13-9A184C488BD4}.UNICODE Release|Any CPU.ActiveCfg = Release|Win32
		{2E74D6FF-B332-4C45-8F13-9A184C488BD4}.UNICODE Release|Mixed Platforms.ActiveCfg = Release|Win32
		{2E74D6FF-B332-4C45-8F13-9A184C488BD4}.UNICODE Release|Mixed Platforms.Build.0 = Release|Win32
		{2E74D6FF-B332-4C45-8F13-9A184C488BD4}.UNICODE Release|Win32.ActiveCfg = Release|Win32
		{2E74D6FF-B332-4C45-8F13-9A184C488BD4}.UNICODE Release|Win32.Build.0 = Release|Win32
	EndGlobalSection
	GlobalSection(SolutionProperties) = preSolution
		HideSolutionNode = FALSE
	EndGlobalSection
EndGlobal
